
Microsoft Visual Studio Solution File, Format Version 12.00
# Visual Studio 15
VisualStudioVersion = 15.0.27130.2026
MinimumVisualStudioVersion = 10.0.40219.1
Project("{FAE04EC0-301F-11D3-BF4B-00C04F79EFBC}") = "Birthday", "Birthday\Birthday.csproj", "{71EF7C44-165D-4DD5-8A25-2259F4E2DC2A}"
EndProject
Project("{FAE04EC0-301F-11D3-BF4B-00C04F79EFBC}") = "ThreeBrothers", "ThreeBrothers\ThreeBrothers.csproj", "{A3445E2B-1E40-47AD-A77F-F87AC066BC31}"
EndProject
Project("{FAE04EC0-301F-11D3-BF4B-00C04F79EFBC}") = "MobileOperator", "MobileOperator\MobileOperator.csproj", "{4B28C6A9-3CA1-4B34-9157-5100BEF30297}"
EndProject
Project("{FAE04EC0-301F-11D3-BF4B-00C04F79EFBC}") = "GrandpaStavri", "GrandpaStavri\GrandpaStavri.csproj", "{A18A6DB7-D82D-4940-ABB7-88AE70B68F2E}"
EndProject
Project("{FAE04EC0-301F-11D3-BF4B-00C04F79EFBC}") = "Sheriff", "Sheriff\Sheriff.csproj", "{A6AEB261-17BD-42EE-85F9-B0EB41991C51}"
EndProject
Global
	GlobalSection(SolutionConfigurationPlatforms) = preSolution
		Debug|Any CPU = Debug|Any CPU
		Release|Any CPU = Release|Any CPU
	EndGlobalSection
	GlobalSection(ProjectConfigurationPlatforms) = postSolution
		{71EF7C44-165D-4DD5-8A25-2259F4E2DC2A}.Debug|Any CPU.ActiveCfg = Debug|Any CPU
		{71EF7C44-165D-4DD5-8A25-2259F4E2DC2A}.Debug|Any CPU.Build.0 = Debug|Any CPU
		{71EF7C44-165D-4DD5-8A25-2259F4E2DC2A}.Release|Any CPU.ActiveCfg = Release|Any CPU
		{71EF7C44-165D-4DD5-8A25-2259F4E2DC2A}.Release|Any CPU.Build.0 = Release|Any CPU
		{A3445E2B-1E40-47AD-A77F-F87AC066BC31}.Debug|Any CPU.ActiveCfg = Debug|Any CPU
		{A3445E2B-1E40-47AD-A77F-F87AC066BC31}.Debug|Any CPU.Build.0 = Debug|Any CPU
		{A3445E2B-1E40-47AD-A77F-F87AC066BC31}.Release|Any CPU.ActiveCfg = Release|Any CPU
		{A3445E2B-1E40-47AD-A77F-F87AC066BC31}.Release|Any CPU.Build.0 = Release|Any CPU
		{4B28C6A9-3CA1-4B34-9157-5100BEF30297}.Debug|Any CPU.ActiveCfg = Debug|Any CPU
		{4B28C6A9-3CA1-4B34-9157-5100BEF30297}.Debug|Any CPU.Build.0 = Debug|Any CPU
		{4B28C6A9-3CA1-4B34-9157-5100BEF30297}.Release|Any CPU.ActiveCfg = Release|Any CPU
		{4B28C6A9-3CA1-4B34-9157-5100BEF30297}.Release|Any CPU.Build.0 = Release|Any CPU
		{A18A6DB7-D82D-4940-ABB7-88AE70B68F2E}.Debug|Any CPU.ActiveCfg = Debug|Any CPU
		{A18A6DB7-D82D-4940-ABB7-88AE70B68F2E}.Debug|Any CPU.Build.0 = Debug|Any CPU
		{A18A6DB7-D82D-4940-ABB7-88AE70B68F2E}.Release|Any CPU.ActiveCfg = Release|Any CPU
		{A18A6DB7-D82D-4940-ABB7-88AE70B68F2E}.Release|Any CPU.Build.0 = Release|Any CPU
		{A6AEB261-17BD-42EE-85F9-B0EB41991C51}.Debug|Any CPU.ActiveCfg = Debug|Any CPU
		{A6AEB261-17BD-42EE-85F9-B0EB41991C51}.Debug|Any CPU.Build.0 = Debug|Any CPU
		{A6AEB261-17BD-42EE-85F9-B0EB41991C51}.Release|Any CPU.ActiveCfg = Release|Any CPU
		{A6AEB261-17BD-42EE-85F9-B0EB41991C51}.Release|Any CPU.Build.0 = Release|Any CPU
	EndGlobalSection
	GlobalSection(SolutionProperties) = preSolution
		HideSolutionNode = FALSE
	EndGlobalSection
	GlobalSection(ExtensibilityGlobals) = postSolution
		SolutionGuid = {90CDCD1F-CD3B-4C8F-BDE3-42DE756BE3CA}
	EndGlobalSection
EndGlobal
