
Microsoft Visual Studio Solution File, Format Version 12.00
# Visual Studio 15
VisualStudioVersion = 15.0.27130.2026
MinimumVisualStudioVersion = 10.0.40219.1
Project("{FAE04EC0-301F-11D3-BF4B-00C04F79EFBC}") = "AlcoholMarket", "AlcoholMarket\AlcoholMarket.csproj", "{EF0E55B7-F81A-4C9A-A65E-DD8B04C16CA9}"
EndProject
Project("{FAE04EC0-301F-11D3-BF4B-00C04F79EFBC}") = "ToyShop", "ToyShop\ToyShop.csproj", "{DA07314A-2F73-48A3-9E45-50F2DFE05FC0}"
EndProject
Project("{FAE04EC0-301F-11D3-BF4B-00C04F79EFBC}") = "NumberGenerator", "NumberGenerator\NumberGenerator.csproj", "{07354184-BD46-4523-A31B-785347F68B3C}"
EndProject
Project("{FAE04EC0-301F-11D3-BF4B-00C04F79EFBC}") = "SchoolCamp", "SchoolCamp\SchoolCamp.csproj", "{3A92FF97-E110-4558-9A65-E3AFFE04CB1B}"
EndProject
Project("{FAE04EC0-301F-11D3-BF4B-00C04F79EFBC}") = "FootballLeague", "FootballLeague\FootballLeague.csproj", "{025757FF-5110-488A-89A4-18D572CF82FF}"
EndProject
Project("{FAE04EC0-301F-11D3-BF4B-00C04F79EFBC}") = "Crown", "Crown\Crown.csproj", "{F29ACA5A-9197-4CC5-850E-34410A4EDA4F}"
EndProject
Global
	GlobalSection(SolutionConfigurationPlatforms) = preSolution
		Debug|Any CPU = Debug|Any CPU
		Release|Any CPU = Release|Any CPU
	EndGlobalSection
	GlobalSection(ProjectConfigurationPlatforms) = postSolution
		{EF0E55B7-F81A-4C9A-A65E-DD8B04C16CA9}.Debug|Any CPU.ActiveCfg = Debug|Any CPU
		{EF0E55B7-F81A-4C9A-A65E-DD8B04C16CA9}.Debug|Any CPU.Build.0 = Debug|Any CPU
		{EF0E55B7-F81A-4C9A-A65E-DD8B04C16CA9}.Release|Any CPU.ActiveCfg = Release|Any CPU
		{EF0E55B7-F81A-4C9A-A65E-DD8B04C16CA9}.Release|Any CPU.Build.0 = Release|Any CPU
		{DA07314A-2F73-48A3-9E45-50F2DFE05FC0}.Debug|Any CPU.ActiveCfg = Debug|Any CPU
		{DA07314A-2F73-48A3-9E45-50F2DFE05FC0}.Debug|Any CPU.Build.0 = Debug|Any CPU
		{DA07314A-2F73-48A3-9E45-50F2DFE05FC0}.Release|Any CPU.ActiveCfg = Release|Any CPU
		{DA07314A-2F73-48A3-9E45-50F2DFE05FC0}.Release|Any CPU.Build.0 = Release|Any CPU
		{07354184-BD46-4523-A31B-785347F68B3C}.Debug|Any CPU.ActiveCfg = Debug|Any CPU
		{07354184-BD46-4523-A31B-785347F68B3C}.Debug|Any CPU.Build.0 = Debug|Any CPU
		{07354184-BD46-4523-A31B-785347F68B3C}.Release|Any CPU.ActiveCfg = Release|Any CPU
		{07354184-BD46-4523-A31B-785347F68B3C}.Release|Any CPU.Build.0 = Release|Any CPU
		{3A92FF97-E110-4558-9A65-E3AFFE04CB1B}.Debug|Any CPU.ActiveCfg = Debug|Any CPU
		{3A92FF97-E110-4558-9A65-E3AFFE04CB1B}.Debug|Any CPU.Build.0 = Debug|Any CPU
		{3A92FF97-E110-4558-9A65-E3AFFE04CB1B}.Release|Any CPU.ActiveCfg = Release|Any CPU
		{3A92FF97-E110-4558-9A65-E3AFFE04CB1B}.Release|Any CPU.Build.0 = Release|Any CPU
		{025757FF-5110-488A-89A4-18D572CF82FF}.Debug|Any CPU.ActiveCfg = Debug|Any CPU
		{025757FF-5110-488A-89A4-18D572CF82FF}.Debug|Any CPU.Build.0 = Debug|Any CPU
		{025757FF-5110-488A-89A4-18D572CF82FF}.Release|Any CPU.ActiveCfg = Release|Any CPU
		{025757FF-5110-488A-89A4-18D572CF82FF}.Release|Any CPU.Build.0 = Release|Any CPU
		{F29ACA5A-9197-4CC5-850E-34410A4EDA4F}.Debug|Any CPU.ActiveCfg = Debug|Any CPU
		{F29ACA5A-9197-4CC5-850E-34410A4EDA4F}.Debug|Any CPU.Build.0 = Debug|Any CPU
		{F29ACA5A-9197-4CC5-850E-34410A4EDA4F}.Release|Any CPU.ActiveCfg = Release|Any CPU
		{F29ACA5A-9197-4CC5-850E-34410A4EDA4F}.Release|Any CPU.Build.0 = Release|Any CPU
	EndGlobalSection
	GlobalSection(SolutionProperties) = preSolution
		HideSolutionNode = FALSE
	EndGlobalSection
	GlobalSection(ExtensibilityGlobals) = postSolution
		SolutionGuid = {9F8E8840-8563-45F6-9C18-4434A21258E5}
	EndGlobalSection
EndGlobal
