
Microsoft Visual Studio Solution File, Format Version 12.00
# Visual Studio 15
VisualStudioVersion = 15.0.27130.2026
MinimumVisualStudioVersion = 10.0.40219.1
Project("{FAE04EC0-301F-11D3-BF4B-00C04F79EFBC}") = "DogHouse", "DogHouse\DogHouse.csproj", "{CEE304B5-7CA0-4A84-83F9-FC6DE0383CCA}"
EndProject
Project("{FAE04EC0-301F-11D3-BF4B-00C04F79EFBC}") = "WorkHours", "WorkHours\WorkHours.csproj", "{6D829F9E-5BD2-4F8F-85D4-463B45278AC9}"
EndProject
Project("{FAE04EC0-301F-11D3-BF4B-00C04F79EFBC}") = "CarToGo", "CarToGo\CarToGo.csproj", "{20A7847D-2415-43DC-840C-A67AB7DE40C5}"
EndProject
Project("{FAE04EC0-301F-11D3-BF4B-00C04F79EFBC}") = "GameOfIntervals", "GameOfIntervals\GameOfIntervals.csproj", "{77CAF5E0-D921-4C0E-9C7D-8F8508DFF46D}"
EndProject
Project("{FAE04EC0-301F-11D3-BF4B-00C04F79EFBC}") = "SoftUniLogo", "SoftUniLogo\SoftUniLogo.csproj", "{CF897790-F210-4A34-8647-AFEC4D111755}"
EndProject
Global
	GlobalSection(SolutionConfigurationPlatforms) = preSolution
		Debug|Any CPU = Debug|Any CPU
		Release|Any CPU = Release|Any CPU
	EndGlobalSection
	GlobalSection(ProjectConfigurationPlatforms) = postSolution
		{CEE304B5-7CA0-4A84-83F9-FC6DE0383CCA}.Debug|Any CPU.ActiveCfg = Debug|Any CPU
		{CEE304B5-7CA0-4A84-83F9-FC6DE0383CCA}.Debug|Any CPU.Build.0 = Debug|Any CPU
		{CEE304B5-7CA0-4A84-83F9-FC6DE0383CCA}.Release|Any CPU.ActiveCfg = Release|Any CPU
		{CEE304B5-7CA0-4A84-83F9-FC6DE0383CCA}.Release|Any CPU.Build.0 = Release|Any CPU
		{6D829F9E-5BD2-4F8F-85D4-463B45278AC9}.Debug|Any CPU.ActiveCfg = Debug|Any CPU
		{6D829F9E-5BD2-4F8F-85D4-463B45278AC9}.Debug|Any CPU.Build.0 = Debug|Any CPU
		{6D829F9E-5BD2-4F8F-85D4-463B45278AC9}.Release|Any CPU.ActiveCfg = Release|Any CPU
		{6D829F9E-5BD2-4F8F-85D4-463B45278AC9}.Release|Any CPU.Build.0 = Release|Any CPU
		{20A7847D-2415-43DC-840C-A67AB7DE40C5}.Debug|Any CPU.ActiveCfg = Debug|Any CPU
		{20A7847D-2415-43DC-840C-A67AB7DE40C5}.Debug|Any CPU.Build.0 = Debug|Any CPU
		{20A7847D-2415-43DC-840C-A67AB7DE40C5}.Release|Any CPU.ActiveCfg = Release|Any CPU
		{20A7847D-2415-43DC-840C-A67AB7DE40C5}.Release|Any CPU.Build.0 = Release|Any CPU
		{77CAF5E0-D921-4C0E-9C7D-8F8508DFF46D}.Debug|Any CPU.ActiveCfg = Debug|Any CPU
		{77CAF5E0-D921-4C0E-9C7D-8F8508DFF46D}.Debug|Any CPU.Build.0 = Debug|Any CPU
		{77CAF5E0-D921-4C0E-9C7D-8F8508DFF46D}.Release|Any CPU.ActiveCfg = Release|Any CPU
		{77CAF5E0-D921-4C0E-9C7D-8F8508DFF46D}.Release|Any CPU.Build.0 = Release|Any CPU
		{CF897790-F210-4A34-8647-AFEC4D111755}.Debug|Any CPU.ActiveCfg = Debug|Any CPU
		{CF897790-F210-4A34-8647-AFEC4D111755}.Debug|Any CPU.Build.0 = Debug|Any CPU
		{CF897790-F210-4A34-8647-AFEC4D111755}.Release|Any CPU.ActiveCfg = Release|Any CPU
		{CF897790-F210-4A34-8647-AFEC4D111755}.Release|Any CPU.Build.0 = Release|Any CPU
	EndGlobalSection
	GlobalSection(SolutionProperties) = preSolution
		HideSolutionNode = FALSE
	EndGlobalSection
	GlobalSection(ExtensibilityGlobals) = postSolution
		SolutionGuid = {C8D6617E-B0C2-4E14-A7CD-E336F2DB3A22}
	EndGlobalSection
EndGlobal
