
Microsoft Visual Studio Solution File, Format Version 12.00
# Visual Studio 15
VisualStudioVersion = 15.0.27130.2026
MinimumVisualStudioVersion = 10.0.40219.1
Project("{FAE04EC0-301F-11D3-BF4B-00C04F79EFBC}") = "WireNet", "WireNet\WireNet.csproj", "{6469B283-94C9-4F20-93C9-EBC2D63E3ED9}"
EndProject
Project("{FAE04EC0-301F-11D3-BF4B-00C04F79EFBC}") = "Lutenitsa", "Lutenitsa\Lutenitsa.csproj", "{44C44086-6C8F-4632-B2E9-844F62354FD0}"
EndProject
Project("{FAE04EC0-301F-11D3-BF4B-00C04F79EFBC}") = "ExternalEvaluation", "ExternalEvaluation\ExternalEvaluation.csproj", "{4EA6F33A-C47E-4F49-9ADA-54F4EB95F4E9}"
EndProject
Project("{FAE04EC0-301F-11D3-BF4B-00C04F79EFBC}") = "Java", "Java\Java.csproj", "{B9CB3EA7-A251-4389-B3FD-C1DCB5D48A7D}"
EndProject
Project("{FAE04EC0-301F-11D3-BF4B-00C04F79EFBC}") = "LuckyNumbers", "LuckyNumbers\LuckyNumbers.csproj", "{D6AEA20C-42DB-4413-8E62-5353D9AD39D8}"
EndProject
Global
	GlobalSection(SolutionConfigurationPlatforms) = preSolution
		Debug|Any CPU = Debug|Any CPU
		Release|Any CPU = Release|Any CPU
	EndGlobalSection
	GlobalSection(ProjectConfigurationPlatforms) = postSolution
		{6469B283-94C9-4F20-93C9-EBC2D63E3ED9}.Debug|Any CPU.ActiveCfg = Debug|Any CPU
		{6469B283-94C9-4F20-93C9-EBC2D63E3ED9}.Debug|Any CPU.Build.0 = Debug|Any CPU
		{6469B283-94C9-4F20-93C9-EBC2D63E3ED9}.Release|Any CPU.ActiveCfg = Release|Any CPU
		{6469B283-94C9-4F20-93C9-EBC2D63E3ED9}.Release|Any CPU.Build.0 = Release|Any CPU
		{44C44086-6C8F-4632-B2E9-844F62354FD0}.Debug|Any CPU.ActiveCfg = Debug|Any CPU
		{44C44086-6C8F-4632-B2E9-844F62354FD0}.Debug|Any CPU.Build.0 = Debug|Any CPU
		{44C44086-6C8F-4632-B2E9-844F62354FD0}.Release|Any CPU.ActiveCfg = Release|Any CPU
		{44C44086-6C8F-4632-B2E9-844F62354FD0}.Release|Any CPU.Build.0 = Release|Any CPU
		{4EA6F33A-C47E-4F49-9ADA-54F4EB95F4E9}.Debug|Any CPU.ActiveCfg = Debug|Any CPU
		{4EA6F33A-C47E-4F49-9ADA-54F4EB95F4E9}.Debug|Any CPU.Build.0 = Debug|Any CPU
		{4EA6F33A-C47E-4F49-9ADA-54F4EB95F4E9}.Release|Any CPU.ActiveCfg = Release|Any CPU
		{4EA6F33A-C47E-4F49-9ADA-54F4EB95F4E9}.Release|Any CPU.Build.0 = Release|Any CPU
		{B9CB3EA7-A251-4389-B3FD-C1DCB5D48A7D}.Debug|Any CPU.ActiveCfg = Debug|Any CPU
		{B9CB3EA7-A251-4389-B3FD-C1DCB5D48A7D}.Debug|Any CPU.Build.0 = Debug|Any CPU
		{B9CB3EA7-A251-4389-B3FD-C1DCB5D48A7D}.Release|Any CPU.ActiveCfg = Release|Any CPU
		{B9CB3EA7-A251-4389-B3FD-C1DCB5D48A7D}.Release|Any CPU.Build.0 = Release|Any CPU
		{D6AEA20C-42DB-4413-8E62-5353D9AD39D8}.Debug|Any CPU.ActiveCfg = Debug|Any CPU
		{D6AEA20C-42DB-4413-8E62-5353D9AD39D8}.Debug|Any CPU.Build.0 = Debug|Any CPU
		{D6AEA20C-42DB-4413-8E62-5353D9AD39D8}.Release|Any CPU.ActiveCfg = Release|Any CPU
		{D6AEA20C-42DB-4413-8E62-5353D9AD39D8}.Release|Any CPU.Build.0 = Release|Any CPU
	EndGlobalSection
	GlobalSection(SolutionProperties) = preSolution
		HideSolutionNode = FALSE
	EndGlobalSection
	GlobalSection(ExtensibilityGlobals) = postSolution
		SolutionGuid = {C8CD21FB-3843-421A-8651-4A605E40D861}
	EndGlobalSection
EndGlobal
