
Microsoft Visual Studio Solution File, Format Version 12.00
# Visual Studio 15
VisualStudioVersion = 15.0.27130.2026
MinimumVisualStudioVersion = 10.0.40219.1
Project("{FAE04EC0-301F-11D3-BF4B-00C04F79EFBC}") = "DanceHall", "DanceHall\DanceHall.csproj", "{4600DACC-122E-427C-8B84-7E1D714DA1F1}"
EndProject
Project("{FAE04EC0-301F-11D3-BF4B-00C04F79EFBC}") = "Choreography", "Choreography\Choreography.csproj", "{38B113D8-D6C6-42E5-B2B5-734F47AB68C7}"
EndProject
Project("{FAE04EC0-301F-11D3-BF4B-00C04F79EFBC}") = "FinalCompetition", "FinalCompetition\FinalCompetition.csproj", "{5200F4EC-3BD9-495A-B71A-399F49EFF7F5}"
EndProject
Project("{FAE04EC0-301F-11D3-BF4B-00C04F79EFBC}") = "EnergyLoss", "EnergyLoss\EnergyLoss.csproj", "{BE7F0727-F1B7-49FA-95E2-45425DE8757B}"
EndProject
Project("{FAE04EC0-301F-11D3-BF4B-00C04F79EFBC}") = "GroupName", "GroupName\GroupName.csproj", "{7BEC1E73-79B8-469D-8B76-37AAA585E832}"
EndProject
Global
	GlobalSection(SolutionConfigurationPlatforms) = preSolution
		Debug|Any CPU = Debug|Any CPU
		Release|Any CPU = Release|Any CPU
	EndGlobalSection
	GlobalSection(ProjectConfigurationPlatforms) = postSolution
		{4600DACC-122E-427C-8B84-7E1D714DA1F1}.Debug|Any CPU.ActiveCfg = Debug|Any CPU
		{4600DACC-122E-427C-8B84-7E1D714DA1F1}.Debug|Any CPU.Build.0 = Debug|Any CPU
		{4600DACC-122E-427C-8B84-7E1D714DA1F1}.Release|Any CPU.ActiveCfg = Release|Any CPU
		{4600DACC-122E-427C-8B84-7E1D714DA1F1}.Release|Any CPU.Build.0 = Release|Any CPU
		{38B113D8-D6C6-42E5-B2B5-734F47AB68C7}.Debug|Any CPU.ActiveCfg = Debug|Any CPU
		{38B113D8-D6C6-42E5-B2B5-734F47AB68C7}.Debug|Any CPU.Build.0 = Debug|Any CPU
		{38B113D8-D6C6-42E5-B2B5-734F47AB68C7}.Release|Any CPU.ActiveCfg = Release|Any CPU
		{38B113D8-D6C6-42E5-B2B5-734F47AB68C7}.Release|Any CPU.Build.0 = Release|Any CPU
		{5200F4EC-3BD9-495A-B71A-399F49EFF7F5}.Debug|Any CPU.ActiveCfg = Debug|Any CPU
		{5200F4EC-3BD9-495A-B71A-399F49EFF7F5}.Debug|Any CPU.Build.0 = Debug|Any CPU
		{5200F4EC-3BD9-495A-B71A-399F49EFF7F5}.Release|Any CPU.ActiveCfg = Release|Any CPU
		{5200F4EC-3BD9-495A-B71A-399F49EFF7F5}.Release|Any CPU.Build.0 = Release|Any CPU
		{BE7F0727-F1B7-49FA-95E2-45425DE8757B}.Debug|Any CPU.ActiveCfg = Debug|Any CPU
		{BE7F0727-F1B7-49FA-95E2-45425DE8757B}.Debug|Any CPU.Build.0 = Debug|Any CPU
		{BE7F0727-F1B7-49FA-95E2-45425DE8757B}.Release|Any CPU.ActiveCfg = Release|Any CPU
		{BE7F0727-F1B7-49FA-95E2-45425DE8757B}.Release|Any CPU.Build.0 = Release|Any CPU
		{7BEC1E73-79B8-469D-8B76-37AAA585E832}.Debug|Any CPU.ActiveCfg = Debug|Any CPU
		{7BEC1E73-79B8-469D-8B76-37AAA585E832}.Debug|Any CPU.Build.0 = Debug|Any CPU
		{7BEC1E73-79B8-469D-8B76-37AAA585E832}.Release|Any CPU.ActiveCfg = Release|Any CPU
		{7BEC1E73-79B8-469D-8B76-37AAA585E832}.Release|Any CPU.Build.0 = Release|Any CPU
	EndGlobalSection
	GlobalSection(SolutionProperties) = preSolution
		HideSolutionNode = FALSE
	EndGlobalSection
	GlobalSection(ExtensibilityGlobals) = postSolution
		SolutionGuid = {8010E783-B686-4662-AEE7-7EB01752ACA8}
	EndGlobalSection
EndGlobal
