
Microsoft Visual Studio Solution File, Format Version 12.00
# Visual Studio 15
VisualStudioVersion = 15.0.27130.2026
MinimumVisualStudioVersion = 10.0.40219.1
Project("{FAE04EC0-301F-11D3-BF4B-00C04F79EFBC}") = "TailoringWorkshop", "TailoringWorkshop\TailoringWorkshop.csproj", "{B0DB9BF6-2B7E-4806-8715-7A3C8D15955F}"
EndProject
Project("{FAE04EC0-301F-11D3-BF4B-00C04F79EFBC}") = "Scholarship", "Scholarship\Scholarship.csproj", "{A30F96AA-370E-4AF2-A44F-5A5052816857}"
EndProject
Project("{FAE04EC0-301F-11D3-BF4B-00C04F79EFBC}") = "PhotoPictures", "PhotoPictures\PhotoPictures.csproj", "{C1556AA3-DE0A-452B-9293-075B504E6622}"
EndProject
Project("{FAE04EC0-301F-11D3-BF4B-00C04F79EFBC}") = "Snowflake", "Snowflake\Snowflake.csproj", "{6BCF2255-E757-4F27-AE6E-1FCF3DFADFC9}"
EndProject
Project("{FAE04EC0-301F-11D3-BF4B-00C04F79EFBC}") = "Profit", "Profit\Profit.csproj", "{00BC9533-6422-48D5-BF36-DAB76501F5AF}"
EndProject
Global
	GlobalSection(SolutionConfigurationPlatforms) = preSolution
		Debug|Any CPU = Debug|Any CPU
		Release|Any CPU = Release|Any CPU
	EndGlobalSection
	GlobalSection(ProjectConfigurationPlatforms) = postSolution
		{B0DB9BF6-2B7E-4806-8715-7A3C8D15955F}.Debug|Any CPU.ActiveCfg = Debug|Any CPU
		{B0DB9BF6-2B7E-4806-8715-7A3C8D15955F}.Debug|Any CPU.Build.0 = Debug|Any CPU
		{B0DB9BF6-2B7E-4806-8715-7A3C8D15955F}.Release|Any CPU.ActiveCfg = Release|Any CPU
		{B0DB9BF6-2B7E-4806-8715-7A3C8D15955F}.Release|Any CPU.Build.0 = Release|Any CPU
		{A30F96AA-370E-4AF2-A44F-5A5052816857}.Debug|Any CPU.ActiveCfg = Debug|Any CPU
		{A30F96AA-370E-4AF2-A44F-5A5052816857}.Debug|Any CPU.Build.0 = Debug|Any CPU
		{A30F96AA-370E-4AF2-A44F-5A5052816857}.Release|Any CPU.ActiveCfg = Release|Any CPU
		{A30F96AA-370E-4AF2-A44F-5A5052816857}.Release|Any CPU.Build.0 = Release|Any CPU
		{C1556AA3-DE0A-452B-9293-075B504E6622}.Debug|Any CPU.ActiveCfg = Debug|Any CPU
		{C1556AA3-DE0A-452B-9293-075B504E6622}.Debug|Any CPU.Build.0 = Debug|Any CPU
		{C1556AA3-DE0A-452B-9293-075B504E6622}.Release|Any CPU.ActiveCfg = Release|Any CPU
		{C1556AA3-DE0A-452B-9293-075B504E6622}.Release|Any CPU.Build.0 = Release|Any CPU
		{6BCF2255-E757-4F27-AE6E-1FCF3DFADFC9}.Debug|Any CPU.ActiveCfg = Debug|Any CPU
		{6BCF2255-E757-4F27-AE6E-1FCF3DFADFC9}.Debug|Any CPU.Build.0 = Debug|Any CPU
		{6BCF2255-E757-4F27-AE6E-1FCF3DFADFC9}.Release|Any CPU.ActiveCfg = Release|Any CPU
		{6BCF2255-E757-4F27-AE6E-1FCF3DFADFC9}.Release|Any CPU.Build.0 = Release|Any CPU
		{00BC9533-6422-48D5-BF36-DAB76501F5AF}.Debug|Any CPU.ActiveCfg = Debug|Any CPU
		{00BC9533-6422-48D5-BF36-DAB76501F5AF}.Debug|Any CPU.Build.0 = Debug|Any CPU
		{00BC9533-6422-48D5-BF36-DAB76501F5AF}.Release|Any CPU.ActiveCfg = Release|Any CPU
		{00BC9533-6422-48D5-BF36-DAB76501F5AF}.Release|Any CPU.Build.0 = Release|Any CPU
	EndGlobalSection
	GlobalSection(SolutionProperties) = preSolution
		HideSolutionNode = FALSE
	EndGlobalSection
	GlobalSection(ExtensibilityGlobals) = postSolution
		SolutionGuid = {7AAEDC5D-A4AB-4275-8600-DDBAE0F8DFE2}
	EndGlobalSection
EndGlobal
